
Microsoft Visual Studio Solution File, Format Version 12.00
# Visual Studio Version 16
VisualStudioVersion = 16.0.30104.148
MinimumVisualStudioVersion = 10.0.40219.1
Project("{FAE04EC0-301F-11D3-BF4B-00C04F79EFBC}") = "MiniMovieApp", "MiniMovieApp\MiniMovieApp.csproj", "{A2A13922-62CF-42E7-A150-9404E990A7B4}"
EndProject
Global
	GlobalSection(SolutionConfigurationPlatforms) = preSolution
		Debug|Any CPU = Debug|Any CPU
		Release|Any CPU = Release|Any CPU
	EndGlobalSection
	GlobalSection(ProjectConfigurationPlatforms) = postSolution
		{A2A13922-62CF-42E7-A150-9404E990A7B4}.Debug|Any CPU.ActiveCfg = Debug|Any CPU
		{A2A13922-62CF-42E7-A150-9404E990A7B4}.Debug|Any CPU.Build.0 = Debug|Any CPU
		{A2A13922-62CF-42E7-A150-9404E990A7B4}.Release|Any CPU.ActiveCfg = Release|Any CPU
		{A2A13922-62CF-42E7-A150-9404E990A7B4}.Release|Any CPU.Build.0 = Release|Any CPU
	EndGlobalSection
	GlobalSection(SolutionProperties) = preSolution
		HideSolutionNode = FALSE
	EndGlobalSection
	GlobalSection(ExtensibilityGlobals) = postSolution
		SolutionGuid = {57C85678-10E2-47CD-A130-C976AAFE2520}
	EndGlobalSection
EndGlobal
